
Microsoft Visual Studio Solution File, Format Version 12.00
# Visual Studio Version 16
VisualStudioVersion = 25.0.1705.4
MinimumVisualStudioVersion = 10.0.40219.1
Project("{FAE04EC0-301F-11D3-BF4B-00C04F79EFBC}") = "Part 1", "Part 1\Part 1.csproj", "{BAED7ADB-104E-4A6D-9DCF-74342E95F323}"
EndProject
Project("{FAE04EC0-301F-11D3-BF4B-00C04F79EFBC}") = "Part 2", "Part 2\Part 2.csproj", "{667819E5-1110-4E70-B897-74AEACBA4FF5}"
EndProject
Project("{FAE04EC0-301F-11D3-BF4B-00C04F79EFBC}") = "calorieTest", "calorieTest\calorieTest.csproj", "{B7397FB0-A96C-4BBD-A519-D848C160928D}"
EndProject
Global
	GlobalSection(SolutionConfigurationPlatforms) = preSolution
		Debug|Any CPU = Debug|Any CPU
		Release|Any CPU = Release|Any CPU
	EndGlobalSection
	GlobalSection(ProjectConfigurationPlatforms) = postSolution
		{BAED7ADB-104E-4A6D-9DCF-74342E95F323}.Debug|Any CPU.ActiveCfg = Debug|Any CPU
		{BAED7ADB-104E-4A6D-9DCF-74342E95F323}.Debug|Any CPU.Build.0 = Debug|Any CPU
		{BAED7ADB-104E-4A6D-9DCF-74342E95F323}.Release|Any CPU.ActiveCfg = Release|Any CPU
		{BAED7ADB-104E-4A6D-9DCF-74342E95F323}.Release|Any CPU.Build.0 = Release|Any CPU
		{667819E5-1110-4E70-B897-74AEACBA4FF5}.Debug|Any CPU.ActiveCfg = Debug|Any CPU
		{667819E5-1110-4E70-B897-74AEACBA4FF5}.Debug|Any CPU.Build.0 = Debug|Any CPU
		{667819E5-1110-4E70-B897-74AEACBA4FF5}.Release|Any CPU.ActiveCfg = Release|Any CPU
		{667819E5-1110-4E70-B897-74AEACBA4FF5}.Release|Any CPU.Build.0 = Release|Any CPU
		{B7397FB0-A96C-4BBD-A519-D848C160928D}.Debug|Any CPU.ActiveCfg = Debug|Any CPU
		{B7397FB0-A96C-4BBD-A519-D848C160928D}.Debug|Any CPU.Build.0 = Debug|Any CPU
		{B7397FB0-A96C-4BBD-A519-D848C160928D}.Release|Any CPU.ActiveCfg = Release|Any CPU
		{B7397FB0-A96C-4BBD-A519-D848C160928D}.Release|Any CPU.Build.0 = Release|Any CPU
	EndGlobalSection
	GlobalSection(SolutionProperties) = preSolution
		HideSolutionNode = FALSE
	EndGlobalSection
	GlobalSection(ExtensibilityGlobals) = postSolution
		SolutionGuid = {17CF02AC-0944-4408-9C3B-5D76CF715DFE}
	EndGlobalSection
EndGlobal
